# This file is automatically @generated by Cargo.
# It is not intended for manual editing.
version = 4

[[package]]
name = "cc"
version = "1.2.64"
source = "registry+https://github.com/rust-lang/crates.io-index"
checksum = "dad887fd958be91b5098c0248def011f4523ab786cd411be668777e55063501f"
dependencies = [
 "find-msvc-tools",
 "shlex",
]

[[package]]
name = "co3"
version = "0.5.1"
source = "registry+https://github.com/rust-lang/crates.io-index"
checksum = "5d65f413bb749cbd2a885db1681c1d08a527768ae40507561634c4eaec308942"
dependencies = [
 "co3-derive",
 "disjoint_impls",
 "impls",
 "rust-spec",
]

[[package]]
name = "co3-derive"
version = "0.5.1"
source = "registry+https://github.com/rust-lang/crates.io-index"
checksum = "da4110a5518abdf09663df838ee1ff46b907675526d6e6db528f39ba5ce12c03"
dependencies = [
 "manyhow",
 "proc-macro-crate",
 "proc-macro2",
 "quote",
 "syn",
]

[[package]]
name = "disjoint_impls"
version = "1.4.1"
source = "registry+https://github.com/rust-lang/crates.io-index"
checksum = "32529fb9393fe76b32d03b3ea9110c93dd978d16fd80339b1168a7031bbf27fc"
dependencies = [
 "indexmap",
 "itertools",
 "manyhow",
 "proc-macro2",
 "quote",
 "syn",
]

[[package]]
name = "either"
version = "1.18.0"
source = "registry+https://github.com/rust-lang/crates.io-index"
checksum = "252afb9ae5eaa683babdc6a068b3f5726eb19e05070c731f9b2a23a7c3e8ed34"

[[package]]
name = "equivalent"
version = "1.0.2"
source = "registry+https://github.com/rust-lang/crates.io-index"
checksum = "877a4ace8713b0bcf2a4e7eec82529c029f1d0619886d18145fea96c3ffe5c0f"

[[package]]
name = "find-msvc-tools"
version = "0.1.9"
source = "registry+https://github.com/rust-lang/crates.io-index"
checksum = "5baebc0774151f905a1a2cc41989300b1e6fbb29aff0ceffa1064fdd3088d582"

[[package]]
name = "hashbrown"
version = "0.17.1"
source = "registry+https://github.com/rust-lang/crates.io-index"
checksum = "ed5909b6e89a2db4456e54cd5f673791d7eca6732202bbf2a9cc504fe2f9b84a"

[[package]]
name = "impls"
version = "1.0.3"
source = "registry+https://github.com/rust-lang/crates.io-index"
checksum = "7a46645bbd70538861a90d0f26c31537cdf1e44aae99a794fb75a664b70951bc"

[[package]]
name = "indexmap"
version = "2.14.2"
source = "registry+https://github.com/rust-lang/crates.io-index"
checksum = "cc4e190f5d26ca7051642629da2c52fc03bde85a03197c99408dcd291734c855"
dependencies = [
 "equivalent",
 "hashbrown",
]

[[package]]
name = "itertools"
version = "0.15.0"
source = "registry+https://github.com/rust-lang/crates.io-index"
checksum = "8b4baf93f58d4425749ca49a51c50ebab072c5df6994d08fed93541c331481dc"
dependencies = [
 "either",
]

[[package]]
name = "manyhow"
version = "0.14.0"
source = "registry+https://github.com/rust-lang/crates.io-index"
checksum = "8c69ea6e469ca785c846b25dd69eac9e9c916b51d8ada1f212866787ee1da12d"
dependencies = [
 "manyhow-macros",
 "proc-macro2",
 "quote",
 "syn",
]

[[package]]
name = "manyhow-macros"
version = "0.14.0"
source = "registry+https://github.com/rust-lang/crates.io-index"
checksum = "22fc5c1b2c4000056dae3619fea36e79ce79dabfee4907d2dcad6612b189e370"
dependencies = [
 "proc-macro-utils",
 "proc-macro2",
 "quote",
]

[[package]]
name = "memchr"
version = "2.8.3"
source = "registry+https://github.com/rust-lang/crates.io-index"
checksum = "cf8baf1c55e62ffcace7a9f06f4bd9cd3f0c4beb022d3b367256b91b87513d98"

[[package]]
name = "proc-macro-crate"
version = "3.5.0"
source = "registry+https://github.com/rust-lang/crates.io-index"
checksum = "e67ba7e9b2b56446f1d419b1d807906278ffa1a658a8a5d8a39dcb1f5a78614f"
dependencies = [
 "toml_edit",
]

[[package]]
name = "proc-macro-utils"
version = "0.10.0"
source = "registry+https://github.com/rust-lang/crates.io-index"
checksum = "eeaf08a13de400bc215877b5bdc088f241b12eb42f0a548d3390dc1c56bb7071"
dependencies = [
 "proc-macro2",
 "quote",
 "smallvec",
]

[[package]]
name = "proc-macro2"
version = "1.0.107"
source = "registry+https://github.com/rust-lang/crates.io-index"
checksum = "985e7ec9bb745e6ce6535b544d84d6cd6f7ad8bd711c398938ae983b91a766d9"
dependencies = [
 "unicode-ident",
]

[[package]]
name = "quote"
version = "1.0.47"
source = "registry+https://github.com/rust-lang/crates.io-index"
checksum = "1fbf4db142a473a8d80c26bbf18454ed458bf8d26c8219c331daecfdbd079001"
dependencies = [
 "proc-macro2",
]

[[package]]
name = "rust"
version = "0.1.0"
dependencies = [
 "cc",
 "co3",
]

[[package]]
name = "rust-spec"
version = "0.3.1"
source = "registry+https://github.com/rust-lang/crates.io-index"
checksum = "c65e279ca4d59a54c37a23be5f651b5210f1b6455322d13df8b4a433e0809aef"
dependencies = [
 "disjoint_impls",
 "rust-spec-derive",
 "sealed",
]

[[package]]
name = "rust-spec-derive"
version = "0.3.1"
source = "registry+https://github.com/rust-lang/crates.io-index"
checksum = "800dc6ef82004dfe958fb1fd2d16e48b13fd04e3a095703e3c01d09e10fa3809"
dependencies = [
 "proc-macro-crate",
 "proc-macro2",
 "quote",
 "syn",
]

[[package]]
name = "sealed"
version = "0.7.0"
source = "registry+https://github.com/rust-lang/crates.io-index"
checksum = "9b68e2ea526d9fb32f23ca8894fb5da9e743f34c2f41701f0501dc8a25c4b343"
dependencies = [
 "proc-macro2",
 "quote",
 "syn",
]

[[package]]
name = "serde_core"
version = "1.0.229"
source = "registry+https://github.com/rust-lang/crates.io-index"
checksum = "67dca2c9c51e58a4791a4b1ed58308b39c64224d349a935ab5039aa360942a48"
dependencies = [
 "serde_derive",
]

[[package]]
name = "serde_derive"
version = "1.0.229"
source = "registry+https://github.com/rust-lang/crates.io-index"
checksum = "e7a5d71263a5a7d47b41f6b3f06ba276f10cc18b0931f1799f710578e2309348"
dependencies = [
 "proc-macro2",
 "quote",
 "syn",
]

[[package]]
name = "shlex"
version = "2.0.1"
source = "registry+https://github.com/rust-lang/crates.io-index"
checksum = "f8fadd59c855ef2080decdef8ff161eb6661b86933c9d82e5ba29dc602a55aba"

[[package]]
name = "smallvec"
version = "1.16.1"
source = "registry+https://github.com/rust-lang/crates.io-index"
checksum = "ba467056f1b547ed52077911161fc86985becbc60e8e1857c8a144dab0def891"

[[package]]
name = "syn"
version = "3.0.6"
source = "registry+https://github.com/rust-lang/crates.io-index"
checksum = "8593e8e72159ed2257d083c7a454a85cbf854f37a0966d8d483aff8c8a3ebcee"
dependencies = [
 "proc-macro2",
 "quote",
 "unicode-ident",
]

[[package]]
name = "toml_datetime"
version = "1.1.1+spec-1.1.0"
source = "registry+https://github.com/rust-lang/crates.io-index"
checksum = "3165f65f62e28e0115a00b2ebdd37eb6f3b641855f9d636d3cd4103767159ad7"
dependencies = [
 "serde_core",
]

[[package]]
name = "toml_edit"
version = "0.25.15+spec-1.1.0"
source = "registry+https://github.com/rust-lang/crates.io-index"
checksum = "1340ea94a5856333492c9064b02c778b191dd2c853778d9609debdcdfea3a614"
dependencies = [
 "indexmap",
 "toml_datetime",
 "toml_parser",
 "winnow",
]

[[package]]
name = "toml_parser"
version = "1.1.3+spec-1.1.0"
source = "registry+https://github.com/rust-lang/crates.io-index"
checksum = "1d38ac1cf9b95face32296c0a3ede1fdc270627c9d9c02a7274dd6d960dc4d56"
dependencies = [
 "winnow",
]

[[package]]
name = "unicode-ident"
version = "1.0.24"
source = "registry+https://github.com/rust-lang/crates.io-index"
checksum = "e6e4313cd5fcd3dad5cafa179702e2b244f760991f45397d14d4ebf38247da75"

[[package]]
name = "winnow"
version = "1.0.4"
source = "registry+https://github.com/rust-lang/crates.io-index"
checksum = "23b97319f7b8343df12cc98938e5c3eb436064524c8d2b4e30a1d3a36eecdf81"
dependencies = [
 "memchr",
]
